
Microsoft Visual Studio Solution File, Format Version 12.00
# Visual Studio Version 17
VisualStudioVersion = 17.4.33110.190
MinimumVisualStudioVersion = 10.0.40219.1
Project("{FAE04EC0-301F-11D3-BF4B-00C04F79EFBC}") = "MyZoo", "MyZoo\MyZoo.csproj", "{D1675267-05BE-43DB-A899-9A4C10F3681C}"
EndProject
Global
	GlobalSection(SolutionConfigurationPlatforms) = preSolution
		Debug|Any CPU = Debug|Any CPU
		Release|Any CPU = Release|Any CPU
	EndGlobalSection
	GlobalSection(ProjectConfigurationPlatforms) = postSolution
		{D1675267-05BE-43DB-A899-9A4C10F3681C}.Debug|Any CPU.ActiveCfg = Debug|Any CPU
		{D1675267-05BE-43DB-A899-9A4C10F3681C}.Debug|Any CPU.Build.0 = Debug|Any CPU
		{D1675267-05BE-43DB-A899-9A4C10F3681C}.Release|Any CPU.ActiveCfg = Release|Any CPU
		{D1675267-05BE-43DB-A899-9A4C10F3681C}.Release|Any CPU.Build.0 = Release|Any CPU
	EndGlobalSection
	GlobalSection(SolutionProperties) = preSolution
		HideSolutionNode = FALSE
	EndGlobalSection
	GlobalSection(ExtensibilityGlobals) = postSolution
		SolutionGuid = {68AC3558-7FD9-461D-B93D-B28A5C136F24}
	EndGlobalSection
EndGlobal
